
Microsoft Visual Studio Solution File, Format Version 12.00
# Visual Studio 15
VisualStudioVersion = 15.0.27004.2010
MinimumVisualStudioVersion = 10.0.40219.1
Project("{8BC9CEB8-8B4A-11D0-8D11-00A0C91BC942}") = "GSiege", "GSiege.vcxproj", "{C2B7AAA0-DCC1-4F49-8FC5-190A39C05AFB}"
EndProject
Global
	GlobalSection(SolutionConfigurationPlatforms) = preSolution
		DebugGSiege|x64 = DebugGSiege|x64
		DebugGSiege|x86 = DebugGSiege|x86
		Release|x64 = Release|x64
		Release|x86 = Release|x86
		ReleaseGSiege|x64 = ReleaseGSiege|x64
		ReleaseGSiege|x86 = ReleaseGSiege|x86
	EndGlobalSection
	GlobalSection(ProjectConfigurationPlatforms) = postSolution
		{C2B7AAA0-DCC1-4F49-8FC5-190A39C05AFB}.DebugGSiege|x64.ActiveCfg = DebugGSiege|x64
		{C2B7AAA0-DCC1-4F49-8FC5-190A39C05AFB}.DebugGSiege|x64.Build.0 = DebugGSiege|x64
		{C2B7AAA0-DCC1-4F49-8FC5-190A39C05AFB}.DebugGSiege|x86.ActiveCfg = DebugGSiege|Win32
		{C2B7AAA0-DCC1-4F49-8FC5-190A39C05AFB}.DebugGSiege|x86.Build.0 = DebugGSiege|Win32
		{C2B7AAA0-DCC1-4F49-8FC5-190A39C05AFB}.Release|x64.ActiveCfg = Release|x64
		{C2B7AAA0-DCC1-4F49-8FC5-190A39C05AFB}.Release|x64.Build.0 = Release|x64
		{C2B7AAA0-DCC1-4F49-8FC5-190A39C05AFB}.Release|x86.ActiveCfg = Release|Win32
		{C2B7AAA0-DCC1-4F49-8FC5-190A39C05AFB}.Release|x86.Build.0 = Release|Win32
		{C2B7AAA0-DCC1-4F49-8FC5-190A39C05AFB}.ReleaseGSiege|x64.ActiveCfg = ReleaseGSiege|Win32
		{C2B7AAA0-DCC1-4F49-8FC5-190A39C05AFB}.ReleaseGSiege|x64.Build.0 = ReleaseGSiege|Win32
		{C2B7AAA0-DCC1-4F49-8FC5-190A39C05AFB}.ReleaseGSiege|x86.ActiveCfg = ReleaseGSiege|Win32
		{C2B7AAA0-DCC1-4F49-8FC5-190A39C05AFB}.ReleaseGSiege|x86.Build.0 = ReleaseGSiege|Win32
	EndGlobalSection
	GlobalSection(SolutionProperties) = preSolution
		HideSolutionNode = FALSE
	EndGlobalSection
	GlobalSection(ExtensibilityGlobals) = postSolution
		SolutionGuid = {6D0090C8-9E32-4C27-9740-05FD030AB326}
	EndGlobalSection
EndGlobal
